
Microsoft Visual Studio Solution File, Format Version 12.00
# Visual Studio Version 17
VisualStudioVersion = 17.13.35825.156
MinimumVisualStudioVersion = 10.0.40219.1
Project("{2150E333-8FDC-42A3-9474-1A3956D46DE8}") = "src", "src", "{02EA681E-C7D8-13C7-8484-4AC65E1B71E8}"
EndProject
Project("{2150E333-8FDC-42A3-9474-1A3956D46DE8}") = "tests", "tests", "{12C8AC67-3A3A-4259-9A93-2FE78CE31F27}"
EndProject
Project("{2150E333-8FDC-42A3-9474-1A3956D46DE8}") = "Backend", "Backend", "{E3555CA5-04EB-4591-99C8-C222476D5505}"
EndProject
Project("{2150E333-8FDC-42A3-9474-1A3956D46DE8}") = "Shared", "Shared", "{6DAD1237-F5D5-4FC4-8B80-5AA9528EA5C3}"
EndProject
Project("{2150E333-8FDC-42A3-9474-1A3956D46DE8}") = "Mobile", "Mobile", "{3BA53AEC-697D-4B22-82AC-11C6DC431F3D}"
EndProject
Project("{FAE04EC0-301F-11D3-BF4B-00C04F79EFBC}") = "Store.API", "src\Backend\Store.API\Store.API.csproj", "{93C9BD91-DECD-4E7E-9B13-282A4B5FE1D7}"
EndProject
Project("{FAE04EC0-301F-11D3-BF4B-00C04F79EFBC}") = "Store.Application", "src\Backend\Store.Application\Store.Application.csproj", "{CD0BC81D-3C64-46E1-89CA-E7665BA35939}"
EndProject
Project("{FAE04EC0-301F-11D3-BF4B-00C04F79EFBC}") = "Store.Infrastructure", "src\Backend\Store.Infrastructure\Store.Infrastructure.csproj", "{441B1973-827A-45A9-8A0C-7E14001623FB}"
EndProject
Project("{FAE04EC0-301F-11D3-BF4B-00C04F79EFBC}") = "Store.Domain", "src\Backend\Store.Domain\Store.Domain.csproj", "{B36E22E5-0BBC-41B3-A08C-C29F34D57D55}"
EndProject
Project("{FAE04EC0-301F-11D3-BF4B-00C04F79EFBC}") = "Store.Communication", "src\Shared\Store.Communication\Store.Communication.csproj", "{87DA957B-B560-494E-8B9E-6FFD23868D5A}"
EndProject
Project("{FAE04EC0-301F-11D3-BF4B-00C04F79EFBC}") = "Store.Exceptions", "src\Shared\Store.Exceptions\Store.Exceptions.csproj", "{BCA48C28-1BD6-4919-8139-3DC939FE56CA}"
EndProject
Project("{FAE04EC0-301F-11D3-BF4B-00C04F79EFBC}") = "CommonTestUtilities", "tests\CommonTestUtilities\CommonTestUtilities.csproj", "{CDF50EDA-D2CB-4E45-98BE-A834235B42D9}"
EndProject
Project("{FAE04EC0-301F-11D3-BF4B-00C04F79EFBC}") = "Store.Validator.Test", "tests\Store.Validator.Test\Store.Validator.Test.csproj", "{AB378312-1F27-4AE8-8AD8-C3B9B79839DE}"
EndProject
Project("{FAE04EC0-301F-11D3-BF4B-00C04F79EFBC}") = "Store.UseCase.Test", "tests\Store.UseCase.Test\Store.UseCase.Test.csproj", "{2FDBB633-F4B8-47D9-A5EC-591F9891E809}"
EndProject
Project("{FAE04EC0-301F-11D3-BF4B-00C04F79EFBC}") = "Store.WebAPI.Test", "tests\Store.WebAPI.Test\Store.WebAPI.Test.csproj", "{87009CCB-0C23-4013-8F43-D64BE41CA860}"
EndProject
Global
	GlobalSection(SolutionConfigurationPlatforms) = preSolution
		Debug|Any CPU = Debug|Any CPU
		Release|Any CPU = Release|Any CPU
	EndGlobalSection
	GlobalSection(ProjectConfigurationPlatforms) = postSolution
		{93C9BD91-DECD-4E7E-9B13-282A4B5FE1D7}.Debug|Any CPU.ActiveCfg = Debug|Any CPU
		{93C9BD91-DECD-4E7E-9B13-282A4B5FE1D7}.Debug|Any CPU.Build.0 = Debug|Any CPU
		{93C9BD91-DECD-4E7E-9B13-282A4B5FE1D7}.Release|Any CPU.ActiveCfg = Release|Any CPU
		{93C9BD91-DECD-4E7E-9B13-282A4B5FE1D7}.Release|Any CPU.Build.0 = Release|Any CPU
		{CD0BC81D-3C64-46E1-89CA-E7665BA35939}.Debug|Any CPU.ActiveCfg = Debug|Any CPU
		{CD0BC81D-3C64-46E1-89CA-E7665BA35939}.Debug|Any CPU.Build.0 = Debug|Any CPU
		{CD0BC81D-3C64-46E1-89CA-E7665BA35939}.Release|Any CPU.ActiveCfg = Release|Any CPU
		{CD0BC81D-3C64-46E1-89CA-E7665BA35939}.Release|Any CPU.Build.0 = Release|Any CPU
		{441B1973-827A-45A9-8A0C-7E14001623FB}.Debug|Any CPU.ActiveCfg = Debug|Any CPU
		{441B1973-827A-45A9-8A0C-7E14001623FB}.Debug|Any CPU.Build.0 = Debug|Any CPU
		{441B1973-827A-45A9-8A0C-7E14001623FB}.Release|Any CPU.ActiveCfg = Release|Any CPU
		{441B1973-827A-45A9-8A0C-7E14001623FB}.Release|Any CPU.Build.0 = Release|Any CPU
		{B36E22E5-0BBC-41B3-A08C-C29F34D57D55}.Debug|Any CPU.ActiveCfg = Debug|Any CPU
		{B36E22E5-0BBC-41B3-A08C-C29F34D57D55}.Debug|Any CPU.Build.0 = Debug|Any CPU
		{B36E22E5-0BBC-41B3-A08C-C29F34D57D55}.Release|Any CPU.ActiveCfg = Release|Any CPU
		{B36E22E5-0BBC-41B3-A08C-C29F34D57D55}.Release|Any CPU.Build.0 = Release|Any CPU
		{87DA957B-B560-494E-8B9E-6FFD23868D5A}.Debug|Any CPU.ActiveCfg = Debug|Any CPU
		{87DA957B-B560-494E-8B9E-6FFD23868D5A}.Debug|Any CPU.Build.0 = Debug|Any CPU
		{87DA957B-B560-494E-8B9E-6FFD23868D5A}.Release|Any CPU.ActiveCfg = Release|Any CPU
		{87DA957B-B560-494E-8B9E-6FFD23868D5A}.Release|Any CPU.Build.0 = Release|Any CPU
		{BCA48C28-1BD6-4919-8139-3DC939FE56CA}.Debug|Any CPU.ActiveCfg = Debug|Any CPU
		{BCA48C28-1BD6-4919-8139-3DC939FE56CA}.Debug|Any CPU.Build.0 = Debug|Any CPU
		{BCA48C28-1BD6-4919-8139-3DC939FE56CA}.Release|Any CPU.ActiveCfg = Release|Any CPU
		{BCA48C28-1BD6-4919-8139-3DC939FE56CA}.Release|Any CPU.Build.0 = Release|Any CPU
		{CDF50EDA-D2CB-4E45-98BE-A834235B42D9}.Debug|Any CPU.ActiveCfg = Debug|Any CPU
		{CDF50EDA-D2CB-4E45-98BE-A834235B42D9}.Debug|Any CPU.Build.0 = Debug|Any CPU
		{CDF50EDA-D2CB-4E45-98BE-A834235B42D9}.Release|Any CPU.ActiveCfg = Release|Any CPU
		{CDF50EDA-D2CB-4E45-98BE-A834235B42D9}.Release|Any CPU.Build.0 = Release|Any CPU
		{AB378312-1F27-4AE8-8AD8-C3B9B79839DE}.Debug|Any CPU.ActiveCfg = Debug|Any CPU
		{AB378312-1F27-4AE8-8AD8-C3B9B79839DE}.Debug|Any CPU.Build.0 = Debug|Any CPU
		{AB378312-1F27-4AE8-8AD8-C3B9B79839DE}.Release|Any CPU.ActiveCfg = Release|Any CPU
		{AB378312-1F27-4AE8-8AD8-C3B9B79839DE}.Release|Any CPU.Build.0 = Release|Any CPU
		{2FDBB633-F4B8-47D9-A5EC-591F9891E809}.Debug|Any CPU.ActiveCfg = Debug|Any CPU
		{2FDBB633-F4B8-47D9-A5EC-591F9891E809}.Debug|Any CPU.Build.0 = Debug|Any CPU
		{2FDBB633-F4B8-47D9-A5EC-591F9891E809}.Release|Any CPU.ActiveCfg = Release|Any CPU
		{2FDBB633-F4B8-47D9-A5EC-591F9891E809}.Release|Any CPU.Build.0 = Release|Any CPU
		{87009CCB-0C23-4013-8F43-D64BE41CA860}.Debug|Any CPU.ActiveCfg = Debug|Any CPU
		{87009CCB-0C23-4013-8F43-D64BE41CA860}.Debug|Any CPU.Build.0 = Debug|Any CPU
		{87009CCB-0C23-4013-8F43-D64BE41CA860}.Release|Any CPU.ActiveCfg = Release|Any CPU
		{87009CCB-0C23-4013-8F43-D64BE41CA860}.Release|Any CPU.Build.0 = Release|Any CPU
	EndGlobalSection
	GlobalSection(SolutionProperties) = preSolution
		HideSolutionNode = FALSE
	EndGlobalSection
	GlobalSection(NestedProjects) = preSolution
		{E3555CA5-04EB-4591-99C8-C222476D5505} = {02EA681E-C7D8-13C7-8484-4AC65E1B71E8}
		{6DAD1237-F5D5-4FC4-8B80-5AA9528EA5C3} = {02EA681E-C7D8-13C7-8484-4AC65E1B71E8}
		{3BA53AEC-697D-4B22-82AC-11C6DC431F3D} = {02EA681E-C7D8-13C7-8484-4AC65E1B71E8}
		{93C9BD91-DECD-4E7E-9B13-282A4B5FE1D7} = {E3555CA5-04EB-4591-99C8-C222476D5505}
		{CD0BC81D-3C64-46E1-89CA-E7665BA35939} = {E3555CA5-04EB-4591-99C8-C222476D5505}
		{441B1973-827A-45A9-8A0C-7E14001623FB} = {E3555CA5-04EB-4591-99C8-C222476D5505}
		{B36E22E5-0BBC-41B3-A08C-C29F34D57D55} = {E3555CA5-04EB-4591-99C8-C222476D5505}
		{87DA957B-B560-494E-8B9E-6FFD23868D5A} = {6DAD1237-F5D5-4FC4-8B80-5AA9528EA5C3}
		{BCA48C28-1BD6-4919-8139-3DC939FE56CA} = {6DAD1237-F5D5-4FC4-8B80-5AA9528EA5C3}
		{CDF50EDA-D2CB-4E45-98BE-A834235B42D9} = {12C8AC67-3A3A-4259-9A93-2FE78CE31F27}
		{AB378312-1F27-4AE8-8AD8-C3B9B79839DE} = {12C8AC67-3A3A-4259-9A93-2FE78CE31F27}
		{2FDBB633-F4B8-47D9-A5EC-591F9891E809} = {12C8AC67-3A3A-4259-9A93-2FE78CE31F27}
		{87009CCB-0C23-4013-8F43-D64BE41CA860} = {12C8AC67-3A3A-4259-9A93-2FE78CE31F27}
	EndGlobalSection
	GlobalSection(ExtensibilityGlobals) = postSolution
		SolutionGuid = {02913E8A-99BD-4C4D-97C1-F5130F57D551}
	EndGlobalSection
EndGlobal
